// !$*UTF8*$!
{
	archiveVersion = 1;
	classes = {
	};
	objectVersion = 46;
	objects = {

/* Begin PBXBuildFile section */
		18C03CCB1E3CEDE700068525 /* AppDelegate.swift in Sources */ = {isa = PBXBuildFile; fileRef = 18C03CCA1E3CEDE600068525 /* AppDelegate.swift */; };
		18C03CCD1E3CEDE700068525 /* ViewController.swift in Sources */ = {isa = PBXBuildFile; fileRef = 18C03CCC1E3CEDE700068525 /* ViewController.swift */; };
		18C03CD01E3CEDE700068525 /* Main.storyboard in Resources */ = {isa = PBXBuildFile; fileRef = 18C03CCE1E3CEDE700068525 /* Main.storyboard */; };
		18C03CD31E3CEDE700068525 /* runIOT.xcdatamodeld in Sources */ = {isa = PBXBuildFile; fileRef = 18C03CD11E3CEDE700068525 /* runIOT.xcdatamodeld */; };
		18C03CD51E3CEDE700068525 /* Assets.xcassets in Resources */ = {isa = PBXBuildFile; fileRef = 18C03CD41E3CEDE700068525 /* Assets.xcassets */; };
		18C03CD81E3CEDE700068525 /* LaunchScreen.storyboard in Resources */ = {isa = PBXBuildFile; fileRef = 18C03CD61E3CEDE700068525 /* LaunchScreen.storyboard */; };
/* End PBXBuildFile section */

/* Begin PBXFileReference section */
		18C03CC71E3CEDE600068525 /* runIOT.app */ = {isa = PBXFileReference; explicitFileType = wrapper.application; includeInIndex = 0; path = runIOT.app; sourceTree = BUILT_PRODUCTS_DIR; };
		18C03CCA1E3CEDE600068525 /* AppDelegate.swift */ = {isa = PBXFileReference; lastKnownFileType = sourcecode.swift; path = AppDelegate.swift; sourceTree = "<group>"; };
		18C03CCC1E3CEDE700068525 /* ViewController.swift */ = {isa = PBXFileReference; lastKnownFileType = sourcecode.swift; path = ViewController.swift; sourceTree = "<group>"; };
		18C03CCF1E3CEDE700068525 /* Base */ = {isa = PBXFileReference; lastKnownFileType = file.storyboard; name = Base; path = Base.lproj/Main.storyboard; sourceTree = "<group>"; };
		18C03CD21E3CEDE700068525 /* runIOT.xcdatamodel */ = {isa = PBXFileReference; lastKnownFileType = wrapper.xcdatamodel; path = runIOT.xcdatamodel; sourceTree = "<group>"; };
		18C03CD41E3CEDE700068525 /* Assets.xcassets */ = {isa = PBXFileReference; lastKnownFileType = folder.assetcatalog; path = Assets.xcassets; sourceTree = "<group>"; };
		18C03CD71E3CEDE700068525 /* Base */ = {isa = PBXFileReference; lastKnownFileType = file.storyboard; name = Base; path = Base.lproj/LaunchScreen.storyboard; sourceTree = "<group>"; };
		18C03CD91E3CEDE700068525 /* Info.plist */ = {isa = PBXFileReference; lastKnownFileType = text.plist.xml; path = Info.plist; sourceTree = "<group>"; };
/* End PBXFileReference section */

/* Begin PBXFrameworksBuildPhase section */
		18C03CC41E3CEDE600068525 /* Frameworks */ = {
			isa = PBXFrameworksBuildPhase;
			buildActionMask = 2147483647;
			files = (
			);
			runOnlyForDeploymentPostprocessing = 0;
		};
/* End PBXFrameworksBuildPhase section */

/* Begin PBXGroup section */
		18C03CBE1E3CEDE600068525 = {
			isa = PBXGroup;
			children = (
				18C03CC91E3CEDE600068525 /* runIOT */,
				18C03CC81E3CEDE600068525 /* Products */,
			);
			sourceTree = "<group>";
		};
		18C03CC81E3CEDE600068525 /* Products */ = {
			isa = PBXGroup;
			children = (
				18C03CC71E3CEDE600068525 /* runIOT.app */,
			);
			name = Products;
			sourceTree = "<group>";
		};
		18C03CC91E3CEDE600068525 /* runIOT */ = {
			isa = PBXGroup;
			children = (
				18C03CCA1E3CEDE600068525 /* AppDelegate.swift */,
				18C03CCC1E3CEDE700068525 /* ViewController.swift */,
				18C03CCE1E3CEDE700068525 /* Main.storyboard */,
				18C03CD41E3CEDE700068525 /* Assets.xcassets */,
				18C03CD61E3CEDE700068525 /* LaunchScreen.storyboard */,
				18C03CD91E3CEDE700068525 /* Info.plist */,
				18C03CD11E3CEDE700068525 /* runIOT.xcdatamodeld */,
			);
			path = runIOT;
			sourceTree = "<group>";
		};
/* End PBXGroup section */

/* Begin PBXNativeTarget section */
		18C03CC61E3CEDE600068525 /* runIOT */ = {
			isa = PBXNativeTarget;
			buildConfigurationList = 18C03CDC1E3CEDE700068525 /* Build configuration list for PBXNativeTarget "runIOT" */;
			buildPhases = (
				18C03CC31E3CEDE600068525 /* Sources */,
				18C03CC41E3CEDE600068525 /* Frameworks */,
				18C03CC51E3CEDE600068525 /* Resources */,
			);
			buildRules = (
			);
			dependencies = (
			);
			name = runIOT;
			productName = runIOT;
			productReference = 18C03CC71E3CEDE600068525 /* runIOT.app */;
			productType = "com.apple.product-type.application";
		};
/* End PBXNativeTarget section */

/* Begin PBXProject section */
		18C03CBF1E3CEDE600068525 /* Project object */ = {
			isa = PBXProject;
			attributes = {
				LastSwiftUpdateCheck = 0820;
				LastUpgradeCheck = 0820;
				ORGANIZATIONNAME = Boomboxninjas;
				TargetAttributes = {
					18C03CC61E3CEDE600068525 = {
						CreatedOnToolsVersion = 8.2.1;
						ProvisioningStyle = Automatic;
					};
				};
			};
			buildConfigurationList = 18C03CC21E3CEDE600068525 /* Build configuration list for PBXProject "runIOT" */;
			compatibilityVersion = "Xcode 3.2";
			developmentRegion = English;
			hasScannedForEncodings = 0;
			knownRegions = (
				en,
				Base,
			);
			mainGroup = 18C03CBE1E3CEDE600068525;
			productRefGroup = 18C03CC81E3CEDE600068525 /* Products */;
			projectDirPath = "";
			projectRoot = "";
			targets = (
				18C03CC61E3CEDE600068525 /* runIOT */,
			);
		};
/* End PBXProject section */

/* Begin PBXResourcesBuildPhase section */
		18C03CC51E3CEDE600068525 /* Resources */ = {
			isa = PBXResourcesBuildPhase;
			buildActionMask = 2147483647;
			files = (
				18C03CD81E3CEDE700068525 /* LaunchScreen.storyboard in Resources */,
				18C03CD51E3CEDE700068525 /* Assets.xcassets in Resources */,
				18C03CD01E3CEDE700068525 /* Main.storyboard in Resources */,
			);
			runOnlyForDeploymentPostprocessing = 0;
		};
/* End PBXResourcesBuildPhase section */

/* Begin PBXSourcesBuildPhase section */
		18C03CC31E3CEDE600068525 /* Sources */ = {
			isa = PBXSourcesBuildPhase;
			buildActionMask = 2147483647;
			files = (
				18C03CCD1E3CEDE700068525 /* ViewController.swift in Sources */,
				18C03CCB1E3CEDE700068525 /* AppDelegate.swift in Sources */,
				18C03CD31E3CEDE700068525 /* runIOT.xcdatamodeld in Sources */,
			);
			runOnlyForDeploymentPostprocessing = 0;
		};
/* End PBXSourcesBuildPhase section */

/* Begin PBXVariantGroup section */
		18C03CCE1E3CEDE700068525 /* Main.storyboard */ = {
			isa = PBXVariantGroup;
			children = (
				18C03CCF1E3CEDE700068525 /* Base */,
			);
			name = Main.storyboard;
			sourceTree = "<group>";
		};
		18C03CD61E3CEDE700068525 /* LaunchScreen.storyboard */ = {
			isa = PBXVariantGroup;
			children = (
				18C03CD71E3CEDE700068525 /* Base */,
			);
			name = LaunchScreen.storyboard;
			sourceTree = "<group>";
		};
/* End PBXVariantGroup section */

/* Begin XCBuildConfiguration section */
		18C03CDA1E3CEDE700068525 /* Debug */ = {
			isa = XCBuildConfiguration;
			buildSettings = {
				ALWAYS_SEARCH_USER_PATHS = NO;
				CLANG_ANALYZER_NONNULL = YES;
				CLANG_CXX_LANGUAGE_STANDARD = "gnu++0x";
				CLANG_CXX_LIBRARY = "libc++";
				CLANG_ENABLE_MODULES = YES;
				CLANG_ENABLE_OBJC_ARC = YES;
				CLANG_WARN_BOOL_CONVERSION = YES;
				CLANG_WARN_CONSTANT_CONVERSION = YES;
				CLANG_WARN_DIRECT_OBJC_ISA_USAGE = YES_ERROR;
				CLANG_WARN_DOCUMENTATION_COMMENTS = YES;
				CLANG_WARN_EMPTY_BODY = YES;
				CLANG_WARN_ENUM_CONVERSION = YES;
				CLANG_WARN_INFINITE_RECURSION = YES;
				CLANG_WARN_INT_CONVERSION = YES;
				CLANG_WARN_OBJC_ROOT_CLASS = YES_ERROR;
				CLANG_WARN_SUSPICIOUS_MOVE = YES;
				CLANG_WARN_UNREACHABLE_CODE = YES;
				CLANG_WARN__DUPLICATE_METHOD_MATCH = YES;
				"CODE_SIGN_IDENTITY[sdk=iphoneos*]" = "iPhone Developer";
				COPY_PHASE_STRIP = NO;
				DEBUG_INFORMATION_FORMAT = dwarf;
				ENABLE_STRICT_OBJC_MSGSEND = YES;
				ENABLE_TESTABILITY = YES;
				GCC_C_LANGUAGE_STANDARD = gnu99;
				GCC_DYNAMIC_NO_PIC = NO;
				GCC_NO_COMMON_BLOCKS = YES;
				GCC_OPTIMIZATION_LEVEL = 0;
				GCC_PREPROCESSOR_DEFINITIONS = (
					"DEBUG=1",
					"$(inherited)",
				);
				GCC_WARN_64_TO_32_BIT_CONVERSION = YES;
				GCC_WARN_ABOUT_RETURN_TYPE = YES_ERROR;
				GCC_WARN_UNDECLARED_SELECTOR = YES;
				GCC_WARN_UNINITIALIZED_AUTOS = YES_AGGRESSIVE;
				GCC_WARN_UNUSED_FUNCTION = YES;
				GCC_WARN_UNUSED_VARIABLE = YES;
				IPHONEOS_DEPLOYMENT_TARGET = 10.2;
				MTL_ENABLE_DEBUG_INFO = YES;
				ONLY_ACTIVE_ARCH = YES;
				SDKROOT = iphoneos;
				SWIFT_ACTIVE_COMPILATION_CONDITIONS = DEBUG;
				SWIFT_OPTIMIZATION_LEVEL = "-Onone";
			};
			name = Debug;
		};
		18C03CDB1E3CEDE700068525 /* Release */ = {
			isa = XCBuildConfiguration;
			buildSettings = {
				ALWAYS_SEARCH_USER_PATHS = NO;
				CLANG_ANALYZER_NONNULL = YES;
				CLANG_CXX_LANGUAGE_STANDARD = "gnu++0x";
				CLANG_CXX_LIBRARY = "libc++";
				CLANG_ENABLE_MODULES = YES;
				CLANG_ENABLE_OBJC_ARC = YES;
				CLANG_WARN_BOOL_CONVERSION = YES;
				CLANG_WARN_CONSTANT_CONVERSION = YES;
				CLANG_WARN_DIRECT_OBJC_ISA_USAGE = YES_ERROR;
				CLANG_WARN_DOCUMENTATION_COMMENTS = YES;
				CLANG_WARN_EMPTY_BODY = YES;
				CLANG_WARN_ENUM_CONVERSION = YES;
				CLANG_WARN_INFINITE_RECURSION = YES;
				CLANG_WARN_INT_CONVERSION = YES;
				CLANG_WARN_OBJC_ROOT_CLASS = YES_ERROR;
				CLANG_WARN_SUSPICIOUS_MOVE = YES;
				CLANG_WARN_UNREACHABLE_CODE = YES;
				CLANG_WARN__DUPLICATE_METHOD_MATCH = YES;
				"CODE_SIGN_IDENTITY[sdk=iphoneos*]" = "iPhone Developer";
				COPY_PHASE_STRIP = NO;
				DEBUG_INFORMATION_FORMAT = "dwarf-with-dsym";
				ENABLE_NS_ASSERTIONS = NO;
				ENABLE_STRICT_OBJC_MSGSEND = YES;
				GCC_C_LANGUAGE_STANDARD = gnu99;
				GCC_NO_COMMON_BLOCKS = YES;
				GCC_WARN_64_TO_32_BIT_CONVERSION = YES;
				GCC_WARN_ABOUT_RETURN_TYPE = YES_ERROR;
				GCC_WARN_UNDECLARED_SELECTOR = YES;
				GCC_WARN_UNINITIALIZED_AUTOS = YES_AGGRESSIVE;
				GCC_WARN_UNUSED_FUNCTION = YES;
				GCC_WARN_UNUSED_VARIABLE = YES;
				IPHONEOS_DEPLOYMENT_TARGET = 10.2;
				MTL_ENABLE_DEBUG_INFO = NO;
				SDKROOT = iphoneos;
				SWIFT_OPTIMIZATION_LEVEL = "-Owholemodule";
				VALIDATE_PRODUCT = YES;
			};
			name = Release;
		};
		18C03CDD1E3CEDE700068525 /* Debug */ = {
			isa = XCBuildConfiguration;
			buildSettings = {
				ASSETCATALOG_COMPILER_APPICON_NAME = AppIcon;
				INFOPLIST_FILE = runIOT/Info.plist;
				LD_RUNPATH_SEARCH_PATHS = "$(inherited) @executable_path/Frameworks";
				PRODUCT_BUNDLE_IDENTIFIER = com.boomboxninjas.runIOT;
				PRODUCT_NAME = "$(TARGET_NAME)";
				SWIFT_VERSION = 3.0;
			};
			name = Debug;
		};
		18C03CDE1E3CEDE700068525 /* Release */ = {
			isa = XCBuildConfiguration;
			buildSettings = {
				ASSETCATALOG_COMPILER_APPICON_NAME = AppIcon;
				INFOPLIST_FILE = runIOT/Info.plist;
				LD_RUNPATH_SEARCH_PATHS = "$(inherited) @executable_path/Frameworks";
				PRODUCT_BUNDLE_IDENTIFIER = com.boomboxninjas.runIOT;
				PRODUCT_NAME = "$(TARGET_NAME)";
				SWIFT_VERSION = 3.0;
			};
			name = Release;
		};
/* End XCBuildConfiguration section */

/* Begin XCConfigurationList section */
		18C03CC21E3CEDE600068525 /* Build configuration list for PBXProject "runIOT" */ = {
			isa = XCConfigurationList;
			buildConfigurations = (
				18C03CDA1E3CEDE700068525 /* Debug */,
				18C03CDB1E3CEDE700068525 /* Release */,
			);
			defaultConfigurationIsVisible = 0;
			defaultConfigurationName = Release;
		};
		18C03CDC1E3CEDE700068525 /* Build configuration list for PBXNativeTarget "runIOT" */ = {
			isa = XCConfigurationList;
			buildConfigurations = (
				18C03CDD1E3CEDE700068525 /* Debug */,
				18C03CDE1E3CEDE700068525 /* Release */,
			);
			defaultConfigurationIsVisible = 0;
		};
/* End XCConfigurationList section */

/* Begin XCVersionGroup section */
		18C03CD11E3CEDE700068525 /* runIOT.xcdatamodeld */ = {
			isa = XCVersionGroup;
			children = (
				18C03CD21E3CEDE700068525 /* runIOT.xcdatamodel */,
			);
			currentVersion = 18C03CD21E3CEDE700068525 /* runIOT.xcdatamodel */;
			path = runIOT.xcdatamodeld;
			sourceTree = "<group>";
			versionGroupType = wrapper.xcdatamodel;
		};
/* End XCVersionGroup section */
	};
	rootObject = 18C03CBF1E3CEDE600068525 /* Project object */;
}
