// !$*UTF8*$!
{
	archiveVersion = 1;
	classes = {
	};
	objectVersion = 46;
	objects = {

/* Begin PBXBuildFile section */
		18C03CCB1E3CEDE700068525 /* AppDelegate.swift in Sources */ = {isa = PBXBuildFile; fileRef = 18C03CCA1E3CEDE600068525 /* AppDelegate.swift */; };
		18C03CD01E3CEDE700068525 /* Main.storyboard in Resources */ = {isa = PBXBuildFile; fileRef = 18C03CCE1E3CEDE700068525 /* Main.storyboard */; };
		18C03CD31E3CEDE700068525 /* runIOT.xcdatamodeld in Sources */ = {isa = PBXBuildFile; fileRef = 18C03CD11E3CEDE700068525 /* runIOT.xcdatamodeld */; };
		18C03CD51E3CEDE700068525 /* Assets.xcassets in Resources */ = {isa = PBXBuildFile; fileRef = 18C03CD41E3CEDE700068525 /* Assets.xcassets */; };
		18C03CD81E3CEDE700068525 /* LaunchScreen.storyboard in Resources */ = {isa = PBXBuildFile; fileRef = 18C03CD61E3CEDE700068525 /* LaunchScreen.storyboard */; };
		18C03CE01E3CEFF600068525 /* ninja512.png in Resources */ = {isa = PBXBuildFile; fileRef = 18C03CDF1E3CEFF600068525 /* ninja512.png */; };
		18C03CE21E3CF1F600068525 /* menuController.swift in Sources */ = {isa = PBXBuildFile; fileRef = 18C03CE11E3CF1F600068525 /* menuController.swift */; };
		18C03CEE1E3CF31C00068525 /* MMDrawerBarButtonItem.m in Sources */ = {isa = PBXBuildFile; fileRef = 18C03CE61E3CF31C00068525 /* MMDrawerBarButtonItem.m */; };
		18C03CEF1E3CF31C00068525 /* MMDrawerController.m in Sources */ = {isa = PBXBuildFile; fileRef = 18C03CE81E3CF31C00068525 /* MMDrawerController.m */; };
		18C03CF01E3CF31C00068525 /* MMDrawerVisualState.m in Sources */ = {isa = PBXBuildFile; fileRef = 18C03CEB1E3CF31C00068525 /* MMDrawerVisualState.m */; };
		18C03CF11E3CF31C00068525 /* UIViewController+MMDrawerController.m in Sources */ = {isa = PBXBuildFile; fileRef = 18C03CED1E3CF31C00068525 /* UIViewController+MMDrawerController.m */; };
		18C03CF31E3CFCE600068525 /* centerViewController.swift in Sources */ = {isa = PBXBuildFile; fileRef = 18C03CF21E3CFCE600068525 /* centerViewController.swift */; };
		18ED4B6F1E3D0551000880EE /* ninja512.jpg in Resources */ = {isa = PBXBuildFile; fileRef = 18ED4B6E1E3D0551000880EE /* ninja512.jpg */; };
		18ED4B771E3D0E83000880EE /* menuTableViewCell.swift in Sources */ = {isa = PBXBuildFile; fileRef = 18ED4B761E3D0E83000880EE /* menuTableViewCell.swift */; };
		18ED4B791E3D1447000880EE /* aboutViewController.swift in Sources */ = {isa = PBXBuildFile; fileRef = 18ED4B781E3D1447000880EE /* aboutViewController.swift */; };
		18ED4B7B1E3D18FC000880EE /* settingsViewController.swift in Sources */ = {isa = PBXBuildFile; fileRef = 18ED4B7A1E3D18FC000880EE /* settingsViewController.swift */; };
		18ED4B7D1E3D2211000880EE /* collCollectionViewCell.swift in Sources */ = {isa = PBXBuildFile; fileRef = 18ED4B7C1E3D2211000880EE /* collCollectionViewCell.swift */; };
		2A491C071E466CFF00556584 /* logo_frontaccounting.png in Resources */ = {isa = PBXBuildFile; fileRef = 2A491C061E466CFF00556584 /* logo_frontaccounting.png */; };
		2AF1FD7B1E47127300C3F2F5 /* Base.lproj in Resources */ = {isa = PBXBuildFile; fileRef = 2AF1FD7A1E47127300C3F2F5 /* Base.lproj */; };
		2AF1FD7D1E47127C00C3F2F5 /* settings.jpg in Resources */ = {isa = PBXBuildFile; fileRef = 2AF1FD7C1E47127C00C3F2F5 /* settings.jpg */; };
		2AF1FD7F1E47197E00C3F2F5 /* stylingText.swift in Sources */ = {isa = PBXBuildFile; fileRef = 2AF1FD7E1E47197E00C3F2F5 /* stylingText.swift */; };
		3AB91D118225E5C36BA4D187 /* Pods_runIOT.framework in Frameworks */ = {isa = PBXBuildFile; fileRef = 27DD3BAAD9AA1642AA403FB8 /* Pods_runIOT.framework */; settings = {ATTRIBUTES = (Required, ); }; };
/* End PBXBuildFile section */

/* Begin PBXFileReference section */
		18C03CC71E3CEDE600068525 /* runIOT.app */ = {isa = PBXFileReference; explicitFileType = wrapper.application; includeInIndex = 0; path = runIOT.app; sourceTree = BUILT_PRODUCTS_DIR; };
		18C03CCA1E3CEDE600068525 /* AppDelegate.swift */ = {isa = PBXFileReference; lastKnownFileType = sourcecode.swift; path = AppDelegate.swift; sourceTree = "<group>"; };
		18C03CCF1E3CEDE700068525 /* Base */ = {isa = PBXFileReference; lastKnownFileType = file.storyboard; name = Base; path = Base.lproj/Main.storyboard; sourceTree = "<group>"; };
		18C03CD21E3CEDE700068525 /* runIOT.xcdatamodel */ = {isa = PBXFileReference; lastKnownFileType = wrapper.xcdatamodel; path = runIOT.xcdatamodel; sourceTree = "<group>"; };
		18C03CD41E3CEDE700068525 /* Assets.xcassets */ = {isa = PBXFileReference; lastKnownFileType = folder.assetcatalog; path = Assets.xcassets; sourceTree = "<group>"; };
		18C03CD71E3CEDE700068525 /* Base */ = {isa = PBXFileReference; lastKnownFileType = file.storyboard; name = Base; path = Base.lproj/LaunchScreen.storyboard; sourceTree = "<group>"; };
		18C03CD91E3CEDE700068525 /* Info.plist */ = {isa = PBXFileReference; lastKnownFileType = text.plist.xml; path = Info.plist; sourceTree = "<group>"; };
		18C03CDF1E3CEFF600068525 /* ninja512.png */ = {isa = PBXFileReference; lastKnownFileType = image.png; name = ninja512.png; path = Assets.xcassets/ninja512.png; sourceTree = "<group>"; };
		18C03CE11E3CF1F600068525 /* menuController.swift */ = {isa = PBXFileReference; fileEncoding = 4; lastKnownFileType = sourcecode.swift; path = menuController.swift; sourceTree = "<group>"; };
		18C03CE41E3CF31B00068525 /* runIOT-Bridging-Header.h */ = {isa = PBXFileReference; lastKnownFileType = sourcecode.c.h; path = "runIOT-Bridging-Header.h"; sourceTree = "<group>"; };
		18C03CE51E3CF31C00068525 /* MMDrawerBarButtonItem.h */ = {isa = PBXFileReference; fileEncoding = 4; lastKnownFileType = sourcecode.c.h; path = MMDrawerBarButtonItem.h; sourceTree = "<group>"; };
		18C03CE61E3CF31C00068525 /* MMDrawerBarButtonItem.m */ = {isa = PBXFileReference; fileEncoding = 4; lastKnownFileType = sourcecode.c.objc; path = MMDrawerBarButtonItem.m; sourceTree = "<group>"; };
		18C03CE71E3CF31C00068525 /* MMDrawerController.h */ = {isa = PBXFileReference; fileEncoding = 4; lastKnownFileType = sourcecode.c.h; path = MMDrawerController.h; sourceTree = "<group>"; };
		18C03CE81E3CF31C00068525 /* MMDrawerController.m */ = {isa = PBXFileReference; fileEncoding = 4; lastKnownFileType = sourcecode.c.objc; path = MMDrawerController.m; sourceTree = "<group>"; };
		18C03CE91E3CF31C00068525 /* MMDrawerController+Subclass.h */ = {isa = PBXFileReference; fileEncoding = 4; lastKnownFileType = sourcecode.c.h; path = "MMDrawerController+Subclass.h"; sourceTree = "<group>"; };
		18C03CEA1E3CF31C00068525 /* MMDrawerVisualState.h */ = {isa = PBXFileReference; fileEncoding = 4; lastKnownFileType = sourcecode.c.h; path = MMDrawerVisualState.h; sourceTree = "<group>"; };
		18C03CEB1E3CF31C00068525 /* MMDrawerVisualState.m */ = {isa = PBXFileReference; fileEncoding = 4; lastKnownFileType = sourcecode.c.objc; path = MMDrawerVisualState.m; sourceTree = "<group>"; };
		18C03CEC1E3CF31C00068525 /* UIViewController+MMDrawerController.h */ = {isa = PBXFileReference; fileEncoding = 4; lastKnownFileType = sourcecode.c.h; path = "UIViewController+MMDrawerController.h"; sourceTree = "<group>"; };
		18C03CED1E3CF31C00068525 /* UIViewController+MMDrawerController.m */ = {isa = PBXFileReference; fileEncoding = 4; lastKnownFileType = sourcecode.c.objc; path = "UIViewController+MMDrawerController.m"; sourceTree = "<group>"; };
		18C03CF21E3CFCE600068525 /* centerViewController.swift */ = {isa = PBXFileReference; fileEncoding = 4; lastKnownFileType = sourcecode.swift; path = centerViewController.swift; sourceTree = "<group>"; };
		18ED4B6E1E3D0551000880EE /* ninja512.jpg */ = {isa = PBXFileReference; lastKnownFileType = image.jpeg; name = ninja512.jpg; path = Assets.xcassets/ninja512.jpg; sourceTree = "<group>"; };
		18ED4B761E3D0E83000880EE /* menuTableViewCell.swift */ = {isa = PBXFileReference; fileEncoding = 4; lastKnownFileType = sourcecode.swift; path = menuTableViewCell.swift; sourceTree = "<group>"; };
		18ED4B781E3D1447000880EE /* aboutViewController.swift */ = {isa = PBXFileReference; fileEncoding = 4; lastKnownFileType = sourcecode.swift; path = aboutViewController.swift; sourceTree = "<group>"; };
		18ED4B7A1E3D18FC000880EE /* settingsViewController.swift */ = {isa = PBXFileReference; fileEncoding = 4; lastKnownFileType = sourcecode.swift; path = settingsViewController.swift; sourceTree = "<group>"; };
		18ED4B7C1E3D2211000880EE /* collCollectionViewCell.swift */ = {isa = PBXFileReference; fileEncoding = 4; lastKnownFileType = sourcecode.swift; path = collCollectionViewCell.swift; sourceTree = "<group>"; };
		27DD3BAAD9AA1642AA403FB8 /* Pods_runIOT.framework */ = {isa = PBXFileReference; explicitFileType = wrapper.framework; includeInIndex = 0; path = Pods_runIOT.framework; sourceTree = BUILT_PRODUCTS_DIR; };
		2A491C061E466CFF00556584 /* logo_frontaccounting.png */ = {isa = PBXFileReference; lastKnownFileType = image.png; name = logo_frontaccounting.png; path = Assets.xcassets/logo_frontaccounting.png; sourceTree = "<group>"; };
		2AF1FD7A1E47127300C3F2F5 /* Base.lproj */ = {isa = PBXFileReference; lastKnownFileType = folder; path = Base.lproj; sourceTree = "<group>"; };
		2AF1FD7C1E47127C00C3F2F5 /* settings.jpg */ = {isa = PBXFileReference; lastKnownFileType = image.jpeg; name = settings.jpg; path = Assets.xcassets/settings.jpg; sourceTree = "<group>"; };
		2AF1FD7E1E47197E00C3F2F5 /* stylingText.swift */ = {isa = PBXFileReference; fileEncoding = 4; lastKnownFileType = sourcecode.swift; name = stylingText.swift; path = ../stylingText.swift; sourceTree = "<group>"; };
		43C8DA19F60D8AFE10D027D2 /* Pods-runIOT.debug.xcconfig */ = {isa = PBXFileReference; includeInIndex = 1; lastKnownFileType = text.xcconfig; name = "Pods-runIOT.debug.xcconfig"; path = "Pods/Target Support Files/Pods-runIOT/Pods-runIOT.debug.xcconfig"; sourceTree = "<group>"; };
		C6F67761E422C07CA8EE072A /* Pods-runIOT.release.xcconfig */ = {isa = PBXFileReference; includeInIndex = 1; lastKnownFileType = text.xcconfig; name = "Pods-runIOT.release.xcconfig"; path = "Pods/Target Support Files/Pods-runIOT/Pods-runIOT.release.xcconfig"; sourceTree = "<group>"; };
/* End PBXFileReference section */

/* Begin PBXFrameworksBuildPhase section */
		18C03CC41E3CEDE600068525 /* Frameworks */ = {
			isa = PBXFrameworksBuildPhase;
			buildActionMask = 2147483647;
			files = (
				3AB91D118225E5C36BA4D187 /* Pods_runIOT.framework in Frameworks */,
			);
			runOnlyForDeploymentPostprocessing = 0;
		};
/* End PBXFrameworksBuildPhase section */

/* Begin PBXGroup section */
		18C03CBE1E3CEDE600068525 = {
			isa = PBXGroup;
			children = (
				18C03CC91E3CEDE600068525 /* runIOT */,
				18C03CC81E3CEDE600068525 /* Products */,
				DBCE85148E0A1EA6CFCF60F2 /* Pods */,
				34F70B8BD3E310E8FB4DD1D7 /* Frameworks */,
			);
			sourceTree = "<group>";
		};
		18C03CC81E3CEDE600068525 /* Products */ = {
			isa = PBXGroup;
			children = (
				18C03CC71E3CEDE600068525 /* runIOT.app */,
			);
			name = Products;
			sourceTree = "<group>";
		};
		18C03CC91E3CEDE600068525 /* runIOT */ = {
			isa = PBXGroup;
			children = (
				2AF1FD7E1E47197E00C3F2F5 /* stylingText.swift */,
				18ED4B6E1E3D0551000880EE /* ninja512.jpg */,
				18C03CE31E3CF2A700068525 /* MMdrawer */,
				18C03CCA1E3CEDE600068525 /* AppDelegate.swift */,
				18C03CCE1E3CEDE700068525 /* Main.storyboard */,
				2AF1FD7C1E47127C00C3F2F5 /* settings.jpg */,
				2AF1FD7A1E47127300C3F2F5 /* Base.lproj */,
				18C03CD41E3CEDE700068525 /* Assets.xcassets */,
				18C03CD61E3CEDE700068525 /* LaunchScreen.storyboard */,
				18C03CDF1E3CEFF600068525 /* ninja512.png */,
				18C03CD91E3CEDE700068525 /* Info.plist */,
				18C03CD11E3CEDE700068525 /* runIOT.xcdatamodeld */,
				18C03CE11E3CF1F600068525 /* menuController.swift */,
				18C03CF21E3CFCE600068525 /* centerViewController.swift */,
				18ED4B761E3D0E83000880EE /* menuTableViewCell.swift */,
				18ED4B781E3D1447000880EE /* aboutViewController.swift */,
				18ED4B7A1E3D18FC000880EE /* settingsViewController.swift */,
				18ED4B7C1E3D2211000880EE /* collCollectionViewCell.swift */,
				2A491C061E466CFF00556584 /* logo_frontaccounting.png */,
			);
			path = runIOT;
			sourceTree = "<group>";
		};
		18C03CE31E3CF2A700068525 /* MMdrawer */ = {
			isa = PBXGroup;
			children = (
				18C03CE51E3CF31C00068525 /* MMDrawerBarButtonItem.h */,
				18C03CE61E3CF31C00068525 /* MMDrawerBarButtonItem.m */,
				18C03CE71E3CF31C00068525 /* MMDrawerController.h */,
				18C03CE81E3CF31C00068525 /* MMDrawerController.m */,
				18C03CE91E3CF31C00068525 /* MMDrawerController+Subclass.h */,
				18C03CEA1E3CF31C00068525 /* MMDrawerVisualState.h */,
				18C03CEB1E3CF31C00068525 /* MMDrawerVisualState.m */,
				18C03CEC1E3CF31C00068525 /* UIViewController+MMDrawerController.h */,
				18C03CED1E3CF31C00068525 /* UIViewController+MMDrawerController.m */,
				18C03CE41E3CF31B00068525 /* runIOT-Bridging-Header.h */,
			);
			name = MMdrawer;
			sourceTree = "<group>";
		};
		34F70B8BD3E310E8FB4DD1D7 /* Frameworks */ = {
			isa = PBXGroup;
			children = (
				27DD3BAAD9AA1642AA403FB8 /* Pods_runIOT.framework */,
			);
			name = Frameworks;
			sourceTree = "<group>";
		};
		DBCE85148E0A1EA6CFCF60F2 /* Pods */ = {
			isa = PBXGroup;
			children = (
				43C8DA19F60D8AFE10D027D2 /* Pods-runIOT.debug.xcconfig */,
				C6F67761E422C07CA8EE072A /* Pods-runIOT.release.xcconfig */,
			);
			name = Pods;
			sourceTree = "<group>";
		};
/* End PBXGroup section */

/* Begin PBXNativeTarget section */
		18C03CC61E3CEDE600068525 /* runIOT */ = {
			isa = PBXNativeTarget;
			buildConfigurationList = 18C03CDC1E3CEDE700068525 /* Build configuration list for PBXNativeTarget "runIOT" */;
			buildPhases = (
				33A10DB7FB1E1DF1824EC0B7 /* [CP] Check Pods Manifest.lock */,
				18C03CC31E3CEDE600068525 /* Sources */,
				18C03CC41E3CEDE600068525 /* Frameworks */,
				18C03CC51E3CEDE600068525 /* Resources */,
				04D48F2BAE0A4D58820D1737 /* [CP] Embed Pods Frameworks */,
				5E4738ADDF9B6BF7A5303F68 /* [CP] Copy Pods Resources */,
			);
			buildRules = (
			);
			dependencies = (
			);
			name = runIOT;
			productName = runIOT;
			productReference = 18C03CC71E3CEDE600068525 /* runIOT.app */;
			productType = "com.apple.product-type.application";
		};
/* End PBXNativeTarget section */

/* Begin PBXProject section */
		18C03CBF1E3CEDE600068525 /* Project object */ = {
			isa = PBXProject;
			attributes = {
				LastSwiftUpdateCheck = 0820;
				LastUpgradeCheck = 0820;
				ORGANIZATIONNAME = Boomboxninjas.in;
				TargetAttributes = {
					18C03CC61E3CEDE600068525 = {
						CreatedOnToolsVersion = 8.2.1;
						DevelopmentTeam = Q2YW4F7SW7;
						LastSwiftMigration = 0820;
						ProvisioningStyle = Automatic;
					};
				};
			};
			buildConfigurationList = 18C03CC21E3CEDE600068525 /* Build configuration list for PBXProject "runIOT" */;
			compatibilityVersion = "Xcode 3.2";
			developmentRegion = English;
			hasScannedForEncodings = 0;
			knownRegions = (
				en,
				Base,
			);
			mainGroup = 18C03CBE1E3CEDE600068525;
			productRefGroup = 18C03CC81E3CEDE600068525 /* Products */;
			projectDirPath = "";
			projectRoot = "";
			targets = (
				18C03CC61E3CEDE600068525 /* runIOT */,
			);
		};
/* End PBXProject section */

/* Begin PBXResourcesBuildPhase section */
		18C03CC51E3CEDE600068525 /* Resources */ = {
			isa = PBXResourcesBuildPhase;
			buildActionMask = 2147483647;
			files = (
				18C03CD81E3CEDE700068525 /* LaunchScreen.storyboard in Resources */,
				2AF1FD7B1E47127300C3F2F5 /* Base.lproj in Resources */,
				18ED4B6F1E3D0551000880EE /* ninja512.jpg in Resources */,
				18C03CD51E3CEDE700068525 /* Assets.xcassets in Resources */,
				2AF1FD7D1E47127C00C3F2F5 /* settings.jpg in Resources */,
				2A491C071E466CFF00556584 /* logo_frontaccounting.png in Resources */,
				18C03CD01E3CEDE700068525 /* Main.storyboard in Resources */,
				18C03CE01E3CEFF600068525 /* ninja512.png in Resources */,
			);
			runOnlyForDeploymentPostprocessing = 0;
		};
/* End PBXResourcesBuildPhase section */

/* Begin PBXShellScriptBuildPhase section */
		04D48F2BAE0A4D58820D1737 /* [CP] Embed Pods Frameworks */ = {
			isa = PBXShellScriptBuildPhase;
			buildActionMask = 2147483647;
			files = (
			);
			inputPaths = (
			);
			name = "[CP] Embed Pods Frameworks";
			outputPaths = (
			);
			runOnlyForDeploymentPostprocessing = 0;
			shellPath = /bin/sh;
			shellScript = "\"${SRCROOT}/Pods/Target Support Files/Pods-runIOT/Pods-runIOT-frameworks.sh\"\n";
			showEnvVarsInLog = 0;
		};
		33A10DB7FB1E1DF1824EC0B7 /* [CP] Check Pods Manifest.lock */ = {
			isa = PBXShellScriptBuildPhase;
			buildActionMask = 2147483647;
			files = (
			);
			inputPaths = (
			);
			name = "[CP] Check Pods Manifest.lock";
			outputPaths = (
			);
			runOnlyForDeploymentPostprocessing = 0;
			shellPath = /bin/sh;
			shellScript = "diff \"${PODS_ROOT}/../Podfile.lock\" \"${PODS_ROOT}/Manifest.lock\" > /dev/null\nif [ $? != 0 ] ; then\n    # print error to STDERR\n    echo \"error: The sandbox is not in sync with the Podfile.lock. Run 'pod install' or update your CocoaPods installation.\" >&2\n    exit 1\nfi\n";
			showEnvVarsInLog = 0;
		};
		5E4738ADDF9B6BF7A5303F68 /* [CP] Copy Pods Resources */ = {
			isa = PBXShellScriptBuildPhase;
			buildActionMask = 2147483647;
			files = (
			);
			inputPaths = (
			);
			name = "[CP] Copy Pods Resources";
			outputPaths = (
			);
			runOnlyForDeploymentPostprocessing = 0;
			shellPath = /bin/sh;
			shellScript = "\"${SRCROOT}/Pods/Target Support Files/Pods-runIOT/Pods-runIOT-resources.sh\"\n";
			showEnvVarsInLog = 0;
		};
/* End PBXShellScriptBuildPhase section */

/* Begin PBXSourcesBuildPhase section */
		18C03CC31E3CEDE600068525 /* Sources */ = {
			isa = PBXSourcesBuildPhase;
			buildActionMask = 2147483647;
			files = (
				18C03CE21E3CF1F600068525 /* menuController.swift in Sources */,
				18C03CEE1E3CF31C00068525 /* MMDrawerBarButtonItem.m in Sources */,
				18C03CF11E3CF31C00068525 /* UIViewController+MMDrawerController.m in Sources */,
				18C03CCB1E3CEDE700068525 /* AppDelegate.swift in Sources */,
				18ED4B791E3D1447000880EE /* aboutViewController.swift in Sources */,
				2AF1FD7F1E47197E00C3F2F5 /* stylingText.swift in Sources */,
				18C03CEF1E3CF31C00068525 /* MMDrawerController.m in Sources */,
				18C03CF31E3CFCE600068525 /* centerViewController.swift in Sources */,
				18ED4B7B1E3D18FC000880EE /* settingsViewController.swift in Sources */,
				18ED4B7D1E3D2211000880EE /* collCollectionViewCell.swift in Sources */,
				18C03CD31E3CEDE700068525 /* runIOT.xcdatamodeld in Sources */,
				18ED4B771E3D0E83000880EE /* menuTableViewCell.swift in Sources */,
				18C03CF01E3CF31C00068525 /* MMDrawerVisualState.m in Sources */,
			);
			runOnlyForDeploymentPostprocessing = 0;
		};
/* End PBXSourcesBuildPhase section */

/* Begin PBXVariantGroup section */
		18C03CCE1E3CEDE700068525 /* Main.storyboard */ = {
			isa = PBXVariantGroup;
			children = (
				18C03CCF1E3CEDE700068525 /* Base */,
			);
			name = Main.storyboard;
			sourceTree = "<group>";
		};
		18C03CD61E3CEDE700068525 /* LaunchScreen.storyboard */ = {
			isa = PBXVariantGroup;
			children = (
				18C03CD71E3CEDE700068525 /* Base */,
			);
			name = LaunchScreen.storyboard;
			sourceTree = "<group>";
		};
/* End PBXVariantGroup section */

/* Begin XCBuildConfiguration section */
		18C03CDA1E3CEDE700068525 /* Debug */ = {
			isa = XCBuildConfiguration;
			buildSettings = {
				ALWAYS_SEARCH_USER_PATHS = NO;
				CLANG_ANALYZER_NONNULL = YES;
				CLANG_CXX_LANGUAGE_STANDARD = "gnu++0x";
				CLANG_CXX_LIBRARY = "libc++";
				CLANG_ENABLE_MODULES = YES;
				CLANG_ENABLE_OBJC_ARC = YES;
				CLANG_WARN_BOOL_CONVERSION = YES;
				CLANG_WARN_CONSTANT_CONVERSION = YES;
				CLANG_WARN_DIRECT_OBJC_ISA_USAGE = YES_ERROR;
				CLANG_WARN_DOCUMENTATION_COMMENTS = YES;
				CLANG_WARN_EMPTY_BODY = YES;
				CLANG_WARN_ENUM_CONVERSION = YES;
				CLANG_WARN_INFINITE_RECURSION = YES;
				CLANG_WARN_INT_CONVERSION = YES;
				CLANG_WARN_OBJC_ROOT_CLASS = YES_ERROR;
				CLANG_WARN_SUSPICIOUS_MOVE = YES;
				CLANG_WARN_UNREACHABLE_CODE = YES;
				CLANG_WARN__DUPLICATE_METHOD_MATCH = YES;
				"CODE_SIGN_IDENTITY[sdk=iphoneos*]" = "iPhone Developer";
				COPY_PHASE_STRIP = NO;
				DEBUG_INFORMATION_FORMAT = dwarf;
				ENABLE_STRICT_OBJC_MSGSEND = YES;
				ENABLE_TESTABILITY = YES;
				GCC_C_LANGUAGE_STANDARD = gnu99;
				GCC_DYNAMIC_NO_PIC = NO;
				GCC_NO_COMMON_BLOCKS = YES;
				GCC_OPTIMIZATION_LEVEL = 0;
				GCC_PREPROCESSOR_DEFINITIONS = (
					"DEBUG=1",
					"$(inherited)",
				);
				GCC_WARN_64_TO_32_BIT_CONVERSION = YES;
				GCC_WARN_ABOUT_RETURN_TYPE = YES_ERROR;
				GCC_WARN_UNDECLARED_SELECTOR = YES;
				GCC_WARN_UNINITIALIZED_AUTOS = YES_AGGRESSIVE;
				GCC_WARN_UNUSED_FUNCTION = YES;
				GCC_WARN_UNUSED_VARIABLE = YES;
				IPHONEOS_DEPLOYMENT_TARGET = 10.2;
				MTL_ENABLE_DEBUG_INFO = YES;
				ONLY_ACTIVE_ARCH = YES;
				SDKROOT = iphoneos;
				SWIFT_ACTIVE_COMPILATION_CONDITIONS = DEBUG;
				SWIFT_OPTIMIZATION_LEVEL = "-Onone";
			};
			name = Debug;
		};
		18C03CDB1E3CEDE700068525 /* Release */ = {
			isa = XCBuildConfiguration;
			buildSettings = {
				ALWAYS_SEARCH_USER_PATHS = NO;
				CLANG_ANALYZER_NONNULL = YES;
				CLANG_CXX_LANGUAGE_STANDARD = "gnu++0x";
				CLANG_CXX_LIBRARY = "libc++";
				CLANG_ENABLE_MODULES = YES;
				CLANG_ENABLE_OBJC_ARC = YES;
				CLANG_WARN_BOOL_CONVERSION = YES;
				CLANG_WARN_CONSTANT_CONVERSION = YES;
				CLANG_WARN_DIRECT_OBJC_ISA_USAGE = YES_ERROR;
				CLANG_WARN_DOCUMENTATION_COMMENTS = YES;
				CLANG_WARN_EMPTY_BODY = YES;
				CLANG_WARN_ENUM_CONVERSION = YES;
				CLANG_WARN_INFINITE_RECURSION = YES;
				CLANG_WARN_INT_CONVERSION = YES;
				CLANG_WARN_OBJC_ROOT_CLASS = YES_ERROR;
				CLANG_WARN_SUSPICIOUS_MOVE = YES;
				CLANG_WARN_UNREACHABLE_CODE = YES;
				CLANG_WARN__DUPLICATE_METHOD_MATCH = YES;
				"CODE_SIGN_IDENTITY[sdk=iphoneos*]" = "iPhone Developer";
				COPY_PHASE_STRIP = NO;
				DEBUG_INFORMATION_FORMAT = "dwarf-with-dsym";
				ENABLE_NS_ASSERTIONS = NO;
				ENABLE_STRICT_OBJC_MSGSEND = YES;
				GCC_C_LANGUAGE_STANDARD = gnu99;
				GCC_NO_COMMON_BLOCKS = YES;
				GCC_WARN_64_TO_32_BIT_CONVERSION = YES;
				GCC_WARN_ABOUT_RETURN_TYPE = YES_ERROR;
				GCC_WARN_UNDECLARED_SELECTOR = YES;
				GCC_WARN_UNINITIALIZED_AUTOS = YES_AGGRESSIVE;
				GCC_WARN_UNUSED_FUNCTION = YES;
				GCC_WARN_UNUSED_VARIABLE = YES;
				IPHONEOS_DEPLOYMENT_TARGET = 10.2;
				MTL_ENABLE_DEBUG_INFO = NO;
				ONLY_ACTIVE_ARCH = YES;
				SDKROOT = iphoneos;
				SWIFT_OPTIMIZATION_LEVEL = "-Owholemodule";
				VALIDATE_PRODUCT = YES;
			};
			name = Release;
		};
		18C03CDD1E3CEDE700068525 /* Debug */ = {
			isa = XCBuildConfiguration;
			baseConfigurationReference = C6F67761E422C07CA8EE072A /* Pods-runIOT.release.xcconfig */;
			buildSettings = {
				ALWAYS_EMBED_SWIFT_STANDARD_LIBRARIES = YES;
				ASSETCATALOG_COMPILER_APPICON_NAME = AppIcon;
				CLANG_ENABLE_MODULES = YES;
				"CODE_SIGN_IDENTITY[sdk=iphoneos*]" = "iPhone Developer";
				DEVELOPMENT_TEAM = Q2YW4F7SW7;
				INFOPLIST_FILE = runIOT/Info.plist;
				LD_RUNPATH_SEARCH_PATHS = "$(inherited) @executable_path/Frameworks";
				MTL_ENABLE_DEBUG_INFO = NO;
				PRODUCT_BUNDLE_IDENTIFIER = com.boomboxninjas.in.runIOT;
				PRODUCT_NAME = "$(TARGET_NAME)";
				SWIFT_OBJC_BRIDGING_HEADER = "runIOT/runIOT-Bridging-Header.h";
				SWIFT_OPTIMIZATION_LEVEL = "-Onone";
				SWIFT_VERSION = 3.0;
			};
			name = Debug;
		};
		18C03CDE1E3CEDE700068525 /* Release */ = {
			isa = XCBuildConfiguration;
			baseConfigurationReference = C6F67761E422C07CA8EE072A /* Pods-runIOT.release.xcconfig */;
			buildSettings = {
				ALWAYS_EMBED_SWIFT_STANDARD_LIBRARIES = YES;
				ASSETCATALOG_COMPILER_APPICON_NAME = AppIcon;
				CLANG_ENABLE_MODULES = YES;
				"CODE_SIGN_IDENTITY[sdk=iphoneos*]" = "iPhone Developer";
				DEVELOPMENT_TEAM = Q2YW4F7SW7;
				INFOPLIST_FILE = runIOT/Info.plist;
				LD_RUNPATH_SEARCH_PATHS = "$(inherited) @executable_path/Frameworks";
				PRODUCT_BUNDLE_IDENTIFIER = com.boomboxninjas.in.runIOT;
				PRODUCT_NAME = "$(TARGET_NAME)";
				SWIFT_OBJC_BRIDGING_HEADER = "runIOT/runIOT-Bridging-Header.h";
				SWIFT_VERSION = 3.0;
			};
			name = Release;
		};
/* End XCBuildConfiguration section */

/* Begin XCConfigurationList section */
		18C03CC21E3CEDE600068525 /* Build configuration list for PBXProject "runIOT" */ = {
			isa = XCConfigurationList;
			buildConfigurations = (
				18C03CDA1E3CEDE700068525 /* Debug */,
				18C03CDB1E3CEDE700068525 /* Release */,
			);
			defaultConfigurationIsVisible = 0;
			defaultConfigurationName = Release;
		};
		18C03CDC1E3CEDE700068525 /* Build configuration list for PBXNativeTarget "runIOT" */ = {
			isa = XCConfigurationList;
			buildConfigurations = (
				18C03CDD1E3CEDE700068525 /* Debug */,
				18C03CDE1E3CEDE700068525 /* Release */,
			);
			defaultConfigurationIsVisible = 0;
			defaultConfigurationName = Release;
		};
/* End XCConfigurationList section */

/* Begin XCVersionGroup section */
		18C03CD11E3CEDE700068525 /* runIOT.xcdatamodeld */ = {
			isa = XCVersionGroup;
			children = (
				18C03CD21E3CEDE700068525 /* runIOT.xcdatamodel */,
			);
			currentVersion = 18C03CD21E3CEDE700068525 /* runIOT.xcdatamodel */;
			path = runIOT.xcdatamodeld;
			sourceTree = "<group>";
			versionGroupType = wrapper.xcdatamodel;
		};
/* End XCVersionGroup section */
	};
	rootObject = 18C03CBF1E3CEDE600068525 /* Project object */;
}
